
Microsoft Visual Studio Solution File, Format Version 12.00
# Visual Studio Version 16
VisualStudioVersion = 16.0.30907.101
MinimumVisualStudioVersion = 10.0.40219.1
Project("{FAE04EC0-301F-11D3-BF4B-00C04F79EFBC}") = "Model_2_Tast_2_Vasylchenlo", "Model_2_Tast_2_Vasylchenlo\Model_2_Tast_2_Vasylchenlo.csproj", "{020799B5-48CB-4173-B8EC-9EF3AD41994F}"
EndProject
Global
	GlobalSection(SolutionConfigurationPlatforms) = preSolution
		Debug|Any CPU = Debug|Any CPU
		Release|Any CPU = Release|Any CPU
	EndGlobalSection
	GlobalSection(ProjectConfigurationPlatforms) = postSolution
		{020799B5-48CB-4173-B8EC-9EF3AD41994F}.Debug|Any CPU.ActiveCfg = Debug|Any CPU
		{020799B5-48CB-4173-B8EC-9EF3AD41994F}.Debug|Any CPU.Build.0 = Debug|Any CPU
		{020799B5-48CB-4173-B8EC-9EF3AD41994F}.Release|Any CPU.ActiveCfg = Release|Any CPU
		{020799B5-48CB-4173-B8EC-9EF3AD41994F}.Release|Any CPU.Build.0 = Release|Any CPU
	EndGlobalSection
	GlobalSection(SolutionProperties) = preSolution
		HideSolutionNode = FALSE
	EndGlobalSection
	GlobalSection(ExtensibilityGlobals) = postSolution
		SolutionGuid = {7A3BAB39-887C-4D6F-A8E5-CE860B536C9B}
	EndGlobalSection
EndGlobal
